
Microsoft Visual Studio Solution File, Format Version 12.00
# Visual Studio Version 17
VisualStudioVersion = 17.0.31903.59
MinimumVisualStudioVersion = 10.0.40219.1
Project("{FAE04EC0-301F-11D3-BF4B-00C04F79EFBC}") = "AuthService", "AuthService\AuthService.csproj", "{1A3EF6B2-4C84-454F-956D-4865150C181A}"
EndProject
Project("{FAE04EC0-301F-11D3-BF4B-00C04F79EFBC}") = "CustomerService", "CustomerService\CustomerService.csproj", "{1C24AA80-91B1-4DCC-BBCF-570FB13116F4}"
EndProject
Project("{FAE04EC0-301F-11D3-BF4B-00C04F79EFBC}") = "ApiGateway", "ApiGateway\ApiGateway.csproj", "{59739000-57F3-4E31-9EB1-72EB5B8FF9B9}"
EndProject
Project("{FAE04EC0-301F-11D3-BF4B-00C04F79EFBC}") = "SharedLibrary", "SharedLibrary\SharedLibrary.csproj", "{BC0838DD-D8AD-4846-8F33-B51D42377275}"
EndProject
Project("{FAE04EC0-301F-11D3-BF4B-00C04F79EFBC}") = "EmailServices", "EmailServices\EmailServices.csproj", "{4FADA9D9-3BD5-41D5-AD22-4118CD930BB9}"
EndProject
Project("{FAE04EC0-301F-11D3-BF4B-00C04F79EFBC}") = "signature", "signature\signature.csproj", "{F82CF378-0DEF-46DE-BD25-C203888E7E19}"
EndProject
Project("{FAE04EC0-301F-11D3-BF4B-00C04F79EFBC}") = "BankStaments", "BankStaments\BankStaments.csproj", "{60002CF0-A743-469C-883B-4A7A765F67F8}"
EndProject
Project("{FAE04EC0-301F-11D3-BF4B-00C04F79EFBC}") = "CalendarService", "CalendarService\CalendarService.csproj", "{594D6068-F2CE-4384-8114-FE93B4B23F3D}"
EndProject
Project("{FAE04EC0-301F-11D3-BF4B-00C04F79EFBC}") = "ReminderService", "ReminderService\ReminderService.csproj", "{CF79BC60-EE03-4AF1-B17C-C29447256E8C}"
EndProject
Project("{FAE04EC0-301F-11D3-BF4B-00C04F79EFBC}") = "CommLinkService", "CommLinkService\CommLinkService.csproj", "{25284A50-D694-4FE0-B607-8EC04F7A91CB}"
EndProject
Project("{FAE04EC0-301F-11D3-BF4B-00C04F79EFBC}") = "MiroTalkService", "MiroTalkService\MiroTalkService.csproj", "{0BF88F71-4880-4079-9662-8094854ABB07}"
EndProject
Project("{FAE04EC0-301F-11D3-BF4B-00C04F79EFBC}") = "TaxService", "TaxService\TaxService.csproj", "{DA275AEB-B7D9-4DFC-9B4B-C3FDCF4132D6}"
EndProject
Project("{FAE04EC0-301F-11D3-BF4B-00C04F79EFBC}") = "TaxProStore", "TaxProStore\TaxProStore.csproj", "{829BC41E-E24D-4CD6-AE1D-94A497889FB7}"
EndProject
Global
	GlobalSection(SolutionConfigurationPlatforms) = preSolution
		Debug|Any CPU = Debug|Any CPU
		Debug|x64 = Debug|x64
		Debug|x86 = Debug|x86
		Release|Any CPU = Release|Any CPU
		Release|x64 = Release|x64
		Release|x86 = Release|x86
	EndGlobalSection
	GlobalSection(ProjectConfigurationPlatforms) = postSolution
		{1A3EF6B2-4C84-454F-956D-4865150C181A}.Debug|Any CPU.ActiveCfg = Debug|Any CPU
		{1A3EF6B2-4C84-454F-956D-4865150C181A}.Debug|Any CPU.Build.0 = Debug|Any CPU
		{1A3EF6B2-4C84-454F-956D-4865150C181A}.Debug|x64.ActiveCfg = Debug|Any CPU
		{1A3EF6B2-4C84-454F-956D-4865150C181A}.Debug|x64.Build.0 = Debug|Any CPU
		{1A3EF6B2-4C84-454F-956D-4865150C181A}.Debug|x86.ActiveCfg = Debug|Any CPU
		{1A3EF6B2-4C84-454F-956D-4865150C181A}.Debug|x86.Build.0 = Debug|Any CPU
		{1A3EF6B2-4C84-454F-956D-4865150C181A}.Release|Any CPU.ActiveCfg = Release|Any CPU
		{1A3EF6B2-4C84-454F-956D-4865150C181A}.Release|Any CPU.Build.0 = Release|Any CPU
		{1A3EF6B2-4C84-454F-956D-4865150C181A}.Release|x64.ActiveCfg = Release|Any CPU
		{1A3EF6B2-4C84-454F-956D-4865150C181A}.Release|x64.Build.0 = Release|Any CPU
		{1A3EF6B2-4C84-454F-956D-4865150C181A}.Release|x86.ActiveCfg = Release|Any CPU
		{1A3EF6B2-4C84-454F-956D-4865150C181A}.Release|x86.Build.0 = Release|Any CPU
		{1C24AA80-91B1-4DCC-BBCF-570FB13116F4}.Debug|Any CPU.ActiveCfg = Debug|Any CPU
		{1C24AA80-91B1-4DCC-BBCF-570FB13116F4}.Debug|Any CPU.Build.0 = Debug|Any CPU
		{1C24AA80-91B1-4DCC-BBCF-570FB13116F4}.Debug|x64.ActiveCfg = Debug|Any CPU
		{1C24AA80-91B1-4DCC-BBCF-570FB13116F4}.Debug|x64.Build.0 = Debug|Any CPU
		{1C24AA80-91B1-4DCC-BBCF-570FB13116F4}.Debug|x86.ActiveCfg = Debug|Any CPU
		{1C24AA80-91B1-4DCC-BBCF-570FB13116F4}.Debug|x86.Build.0 = Debug|Any CPU
		{1C24AA80-91B1-4DCC-BBCF-570FB13116F4}.Release|Any CPU.ActiveCfg = Release|Any CPU
		{1C24AA80-91B1-4DCC-BBCF-570FB13116F4}.Release|Any CPU.Build.0 = Release|Any CPU
		{1C24AA80-91B1-4DCC-BBCF-570FB13116F4}.Release|x64.ActiveCfg = Release|Any CPU
		{1C24AA80-91B1-4DCC-BBCF-570FB13116F4}.Release|x64.Build.0 = Release|Any CPU
		{1C24AA80-91B1-4DCC-BBCF-570FB13116F4}.Release|x86.ActiveCfg = Release|Any CPU
		{1C24AA80-91B1-4DCC-BBCF-570FB13116F4}.Release|x86.Build.0 = Release|Any CPU
		{59739000-57F3-4E31-9EB1-72EB5B8FF9B9}.Debug|Any CPU.ActiveCfg = Debug|Any CPU
		{59739000-57F3-4E31-9EB1-72EB5B8FF9B9}.Debug|Any CPU.Build.0 = Debug|Any CPU
		{59739000-57F3-4E31-9EB1-72EB5B8FF9B9}.Debug|x64.ActiveCfg = Debug|Any CPU
		{59739000-57F3-4E31-9EB1-72EB5B8FF9B9}.Debug|x64.Build.0 = Debug|Any CPU
		{59739000-57F3-4E31-9EB1-72EB5B8FF9B9}.Debug|x86.ActiveCfg = Debug|Any CPU
		{59739000-57F3-4E31-9EB1-72EB5B8FF9B9}.Debug|x86.Build.0 = Debug|Any CPU
		{59739000-57F3-4E31-9EB1-72EB5B8FF9B9}.Release|Any CPU.ActiveCfg = Release|Any CPU
		{59739000-57F3-4E31-9EB1-72EB5B8FF9B9}.Release|Any CPU.Build.0 = Release|Any CPU
		{59739000-57F3-4E31-9EB1-72EB5B8FF9B9}.Release|x64.ActiveCfg = Release|Any CPU
		{59739000-57F3-4E31-9EB1-72EB5B8FF9B9}.Release|x64.Build.0 = Release|Any CPU
		{59739000-57F3-4E31-9EB1-72EB5B8FF9B9}.Release|x86.ActiveCfg = Release|Any CPU
		{59739000-57F3-4E31-9EB1-72EB5B8FF9B9}.Release|x86.Build.0 = Release|Any CPU
		{BC0838DD-D8AD-4846-8F33-B51D42377275}.Debug|Any CPU.ActiveCfg = Debug|Any CPU
		{BC0838DD-D8AD-4846-8F33-B51D42377275}.Debug|Any CPU.Build.0 = Debug|Any CPU
		{BC0838DD-D8AD-4846-8F33-B51D42377275}.Debug|x64.ActiveCfg = Debug|Any CPU
		{BC0838DD-D8AD-4846-8F33-B51D42377275}.Debug|x64.Build.0 = Debug|Any CPU
		{BC0838DD-D8AD-4846-8F33-B51D42377275}.Debug|x86.ActiveCfg = Debug|Any CPU
		{BC0838DD-D8AD-4846-8F33-B51D42377275}.Debug|x86.Build.0 = Debug|Any CPU
		{BC0838DD-D8AD-4846-8F33-B51D42377275}.Release|Any CPU.ActiveCfg = Release|Any CPU
		{BC0838DD-D8AD-4846-8F33-B51D42377275}.Release|Any CPU.Build.0 = Release|Any CPU
		{BC0838DD-D8AD-4846-8F33-B51D42377275}.Release|x64.ActiveCfg = Release|Any CPU
		{BC0838DD-D8AD-4846-8F33-B51D42377275}.Release|x64.Build.0 = Release|Any CPU
		{BC0838DD-D8AD-4846-8F33-B51D42377275}.Release|x86.ActiveCfg = Release|Any CPU
		{BC0838DD-D8AD-4846-8F33-B51D42377275}.Release|x86.Build.0 = Release|Any CPU
		{4FADA9D9-3BD5-41D5-AD22-4118CD930BB9}.Debug|Any CPU.ActiveCfg = Debug|Any CPU
		{4FADA9D9-3BD5-41D5-AD22-4118CD930BB9}.Debug|Any CPU.Build.0 = Debug|Any CPU
		{4FADA9D9-3BD5-41D5-AD22-4118CD930BB9}.Debug|x64.ActiveCfg = Debug|Any CPU
		{4FADA9D9-3BD5-41D5-AD22-4118CD930BB9}.Debug|x64.Build.0 = Debug|Any CPU
		{4FADA9D9-3BD5-41D5-AD22-4118CD930BB9}.Debug|x86.ActiveCfg = Debug|Any CPU
		{4FADA9D9-3BD5-41D5-AD22-4118CD930BB9}.Debug|x86.Build.0 = Debug|Any CPU
		{4FADA9D9-3BD5-41D5-AD22-4118CD930BB9}.Release|Any CPU.ActiveCfg = Release|Any CPU
		{4FADA9D9-3BD5-41D5-AD22-4118CD930BB9}.Release|Any CPU.Build.0 = Release|Any CPU
		{4FADA9D9-3BD5-41D5-AD22-4118CD930BB9}.Release|x64.ActiveCfg = Release|Any CPU
		{4FADA9D9-3BD5-41D5-AD22-4118CD930BB9}.Release|x64.Build.0 = Release|Any CPU
		{4FADA9D9-3BD5-41D5-AD22-4118CD930BB9}.Release|x86.ActiveCfg = Release|Any CPU
		{4FADA9D9-3BD5-41D5-AD22-4118CD930BB9}.Release|x86.Build.0 = Release|Any CPU
		{F82CF378-0DEF-46DE-BD25-C203888E7E19}.Debug|Any CPU.ActiveCfg = Debug|Any CPU
		{F82CF378-0DEF-46DE-BD25-C203888E7E19}.Debug|Any CPU.Build.0 = Debug|Any CPU
		{F82CF378-0DEF-46DE-BD25-C203888E7E19}.Debug|x64.ActiveCfg = Debug|Any CPU
		{F82CF378-0DEF-46DE-BD25-C203888E7E19}.Debug|x64.Build.0 = Debug|Any CPU
		{F82CF378-0DEF-46DE-BD25-C203888E7E19}.Debug|x86.ActiveCfg = Debug|Any CPU
		{F82CF378-0DEF-46DE-BD25-C203888E7E19}.Debug|x86.Build.0 = Debug|Any CPU
		{F82CF378-0DEF-46DE-BD25-C203888E7E19}.Release|Any CPU.ActiveCfg = Release|Any CPU
		{F82CF378-0DEF-46DE-BD25-C203888E7E19}.Release|Any CPU.Build.0 = Release|Any CPU
		{F82CF378-0DEF-46DE-BD25-C203888E7E19}.Release|x64.ActiveCfg = Release|Any CPU
		{F82CF378-0DEF-46DE-BD25-C203888E7E19}.Release|x64.Build.0 = Release|Any CPU
		{F82CF378-0DEF-46DE-BD25-C203888E7E19}.Release|x86.ActiveCfg = Release|Any CPU
		{F82CF378-0DEF-46DE-BD25-C203888E7E19}.Release|x86.Build.0 = Release|Any CPU
		{60002CF0-A743-469C-883B-4A7A765F67F8}.Debug|Any CPU.ActiveCfg = Debug|Any CPU
		{60002CF0-A743-469C-883B-4A7A765F67F8}.Debug|Any CPU.Build.0 = Debug|Any CPU
		{60002CF0-A743-469C-883B-4A7A765F67F8}.Debug|x64.ActiveCfg = Debug|Any CPU
		{60002CF0-A743-469C-883B-4A7A765F67F8}.Debug|x64.Build.0 = Debug|Any CPU
		{60002CF0-A743-469C-883B-4A7A765F67F8}.Debug|x86.ActiveCfg = Debug|Any CPU
		{60002CF0-A743-469C-883B-4A7A765F67F8}.Debug|x86.Build.0 = Debug|Any CPU
		{60002CF0-A743-469C-883B-4A7A765F67F8}.Release|Any CPU.ActiveCfg = Release|Any CPU
		{60002CF0-A743-469C-883B-4A7A765F67F8}.Release|Any CPU.Build.0 = Release|Any CPU
		{60002CF0-A743-469C-883B-4A7A765F67F8}.Release|x64.ActiveCfg = Release|Any CPU
		{60002CF0-A743-469C-883B-4A7A765F67F8}.Release|x64.Build.0 = Release|Any CPU
		{60002CF0-A743-469C-883B-4A7A765F67F8}.Release|x86.ActiveCfg = Release|Any CPU
		{60002CF0-A743-469C-883B-4A7A765F67F8}.Release|x86.Build.0 = Release|Any CPU
		{2BA98194-E334-41CA-8D1B-01B1C8F2DF83}.Debug|Any CPU.ActiveCfg = Debug|Any CPU
		{2BA98194-E334-41CA-8D1B-01B1C8F2DF83}.Debug|Any CPU.Build.0 = Debug|Any CPU
		{2BA98194-E334-41CA-8D1B-01B1C8F2DF83}.Debug|x64.ActiveCfg = Debug|Any CPU
		{2BA98194-E334-41CA-8D1B-01B1C8F2DF83}.Debug|x64.Build.0 = Debug|Any CPU
		{2BA98194-E334-41CA-8D1B-01B1C8F2DF83}.Debug|x86.ActiveCfg = Debug|Any CPU
		{2BA98194-E334-41CA-8D1B-01B1C8F2DF83}.Debug|x86.Build.0 = Debug|Any CPU
		{2BA98194-E334-41CA-8D1B-01B1C8F2DF83}.Release|Any CPU.ActiveCfg = Release|Any CPU
		{2BA98194-E334-41CA-8D1B-01B1C8F2DF83}.Release|Any CPU.Build.0 = Release|Any CPU
		{2BA98194-E334-41CA-8D1B-01B1C8F2DF83}.Release|x64.ActiveCfg = Release|Any CPU
		{2BA98194-E334-41CA-8D1B-01B1C8F2DF83}.Release|x64.Build.0 = Release|Any CPU
		{2BA98194-E334-41CA-8D1B-01B1C8F2DF83}.Release|x86.ActiveCfg = Release|Any CPU
		{2BA98194-E334-41CA-8D1B-01B1C8F2DF83}.Release|x86.Build.0 = Release|Any CPU
		{594D6068-F2CE-4384-8114-FE93B4B23F3D}.Debug|Any CPU.ActiveCfg = Debug|Any CPU
		{594D6068-F2CE-4384-8114-FE93B4B23F3D}.Debug|Any CPU.Build.0 = Debug|Any CPU
		{594D6068-F2CE-4384-8114-FE93B4B23F3D}.Debug|x64.ActiveCfg = Debug|Any CPU
		{594D6068-F2CE-4384-8114-FE93B4B23F3D}.Debug|x64.Build.0 = Debug|Any CPU
		{594D6068-F2CE-4384-8114-FE93B4B23F3D}.Debug|x86.ActiveCfg = Debug|Any CPU
		{594D6068-F2CE-4384-8114-FE93B4B23F3D}.Debug|x86.Build.0 = Debug|Any CPU
		{594D6068-F2CE-4384-8114-FE93B4B23F3D}.Release|Any CPU.ActiveCfg = Release|Any CPU
		{594D6068-F2CE-4384-8114-FE93B4B23F3D}.Release|Any CPU.Build.0 = Release|Any CPU
		{594D6068-F2CE-4384-8114-FE93B4B23F3D}.Release|x64.ActiveCfg = Release|Any CPU
		{594D6068-F2CE-4384-8114-FE93B4B23F3D}.Release|x64.Build.0 = Release|Any CPU
		{594D6068-F2CE-4384-8114-FE93B4B23F3D}.Release|x86.ActiveCfg = Release|Any CPU
		{594D6068-F2CE-4384-8114-FE93B4B23F3D}.Release|x86.Build.0 = Release|Any CPU
		{CF79BC60-EE03-4AF1-B17C-C29447256E8C}.Debug|Any CPU.ActiveCfg = Debug|Any CPU
		{CF79BC60-EE03-4AF1-B17C-C29447256E8C}.Debug|Any CPU.Build.0 = Debug|Any CPU
		{CF79BC60-EE03-4AF1-B17C-C29447256E8C}.Debug|x64.ActiveCfg = Debug|Any CPU
		{CF79BC60-EE03-4AF1-B17C-C29447256E8C}.Debug|x64.Build.0 = Debug|Any CPU
		{CF79BC60-EE03-4AF1-B17C-C29447256E8C}.Debug|x86.ActiveCfg = Debug|Any CPU
		{CF79BC60-EE03-4AF1-B17C-C29447256E8C}.Debug|x86.Build.0 = Debug|Any CPU
		{CF79BC60-EE03-4AF1-B17C-C29447256E8C}.Release|Any CPU.ActiveCfg = Release|Any CPU
		{CF79BC60-EE03-4AF1-B17C-C29447256E8C}.Release|Any CPU.Build.0 = Release|Any CPU
		{CF79BC60-EE03-4AF1-B17C-C29447256E8C}.Release|x64.ActiveCfg = Release|Any CPU
		{CF79BC60-EE03-4AF1-B17C-C29447256E8C}.Release|x64.Build.0 = Release|Any CPU
		{CF79BC60-EE03-4AF1-B17C-C29447256E8C}.Release|x86.ActiveCfg = Release|Any CPU
		{CF79BC60-EE03-4AF1-B17C-C29447256E8C}.Release|x86.Build.0 = Release|Any CPU
		{829BC41E-E24D-4CD6-AE1D-94A497889FB7}.Debug|Any CPU.ActiveCfg = Debug|Any CPU
		{829BC41E-E24D-4CD6-AE1D-94A497889FB7}.Debug|Any CPU.Build.0 = Debug|Any CPU
		{829BC41E-E24D-4CD6-AE1D-94A497889FB7}.Debug|x64.ActiveCfg = Debug|Any CPU
		{829BC41E-E24D-4CD6-AE1D-94A497889FB7}.Debug|x64.Build.0 = Debug|Any CPU
		{829BC41E-E24D-4CD6-AE1D-94A497889FB7}.Debug|x86.ActiveCfg = Debug|Any CPU
		{829BC41E-E24D-4CD6-AE1D-94A497889FB7}.Debug|x86.Build.0 = Debug|Any CPU
		{829BC41E-E24D-4CD6-AE1D-94A497889FB7}.Release|Any CPU.ActiveCfg = Release|Any CPU
		{829BC41E-E24D-4CD6-AE1D-94A497889FB7}.Release|Any CPU.Build.0 = Release|Any CPU
		{829BC41E-E24D-4CD6-AE1D-94A497889FB7}.Release|x64.ActiveCfg = Release|Any CPU
		{829BC41E-E24D-4CD6-AE1D-94A497889FB7}.Release|x64.Build.0 = Release|Any CPU
		{829BC41E-E24D-4CD6-AE1D-94A497889FB7}.Release|x86.ActiveCfg = Release|Any CPU
		{829BC41E-E24D-4CD6-AE1D-94A497889FB7}.Release|x86.Build.0 = Release|Any CPU
	EndGlobalSection
	GlobalSection(SolutionProperties) = preSolution
		HideSolutionNode = FALSE
	EndGlobalSection
EndGlobal
