Microsoft Visual Studio Solution File, Format Version 12.00
# Visual Studio Version 17
VisualStudioVersion = 17.5.2.0
MinimumVisualStudioVersion = 10.0.40219.1
Project("{FAE04EC0-301F-11D3-BF4B-00C04F79EFBC}") = "signature", "signature.csproj", "{D707EDE4-67D5-B20F-A29B-5120EF51355E}"
EndProject
Global
	GlobalSection(SolutionConfigurationPlatforms) = preSolution
		Debug|Any CPU = Debug|Any CPU
		Release|Any CPU = Release|Any CPU
	EndGlobalSection
	GlobalSection(ProjectConfigurationPlatforms) = postSolution
		{D707EDE4-67D5-B20F-A29B-5120EF51355E}.Debug|Any CPU.ActiveCfg = Debug|Any CPU
		{D707EDE4-67D5-B20F-A29B-5120EF51355E}.Debug|Any CPU.Build.0 = Debug|Any CPU
		{D707EDE4-67D5-B20F-A29B-5120EF51355E}.Release|Any CPU.ActiveCfg = Release|Any CPU
		{D707EDE4-67D5-B20F-A29B-5120EF51355E}.Release|Any CPU.Build.0 = Release|Any CPU
	EndGlobalSection
	GlobalSection(SolutionProperties) = preSolution
		HideSolutionNode = FALSE
	EndGlobalSection
	GlobalSection(ExtensibilityGlobals) = postSolution
		SolutionGuid = {50B8EE56-0BA8-43DB-A578-A279DD869AF1}
	EndGlobalSection
EndGlobal
